lockfile_version = 1

[[package]]
name = "fs"
version = "0.1.0"
source = "path"
path = "library/std"
checksum = "0dc85f675cea567f"

[[package]]
name = "io"
version = "0.1.0"
source = "path"
path = "library/std"
checksum = "0dc85f675cea567f"

[[package]]
name = "path"
version = "0.1.0"
source = "path"
path = "library/std"
checksum = "0dc85f675cea567f"
