lockfile_version = 1

[[package]]
name = "fs"
version = "0.1.0"
source = "path"
path = "library/std"
checksum = "16d9c567b9e60151"

[[package]]
name = "io"
version = "0.1.0"
source = "path"
path = "library/std"
checksum = "16d9c567b9e60151"

[[package]]
name = "path"
version = "0.1.0"
source = "path"
path = "library/std"
checksum = "16d9c567b9e60151"
