lockfile_version = 3
runtime = "core"

[[package]]
name = "fs"
version = "0.1.0"
source = "path"
path = "library/std"
checksum = "ea6b858fcacb347a"

[[package]]
name = "io"
version = "0.1.0"
source = "path"
path = "library/std"
checksum = "ea6b858fcacb347a"

[[package]]
name = "path"
version = "0.1.0"
source = "path"
path = "library/std"
checksum = "ea6b858fcacb347a"
